
Microsoft Visual Studio Solution File, Format Version 12.00
Project("{FAE04EC0-301F-11D3-BF4B-00C04F79EFBC}") = "CoherentPredictions", "CoherentPredictions\CoherentPredictions.csproj", "{142F663B-BE97-4105-9E56-CE885C966884}"
EndProject
Global
	GlobalSection(SolutionConfigurationPlatforms) = preSolution
		Debug|Any CPU = Debug|Any CPU
		Release|Any CPU = Release|Any CPU
	EndGlobalSection
	GlobalSection(ProjectConfigurationPlatforms) = postSolution
		{142F663B-BE97-4105-9E56-CE885C966884}.Debug|Any CPU.ActiveCfg = Debug|Any CPU
		{142F663B-BE97-4105-9E56-CE885C966884}.Debug|Any CPU.Build.0 = Debug|Any CPU
		{142F663B-BE97-4105-9E56-CE885C966884}.Release|Any CPU.ActiveCfg = Release|Any CPU
		{142F663B-BE97-4105-9E56-CE885C966884}.Release|Any CPU.Build.0 = Release|Any CPU
	EndGlobalSection
EndGlobal
